
Microsoft Visual Studio Solution File, Format Version 12.00
# Visual Studio Version 17
VisualStudioVersion = 17.11.35327.3
MinimumVisualStudioVersion = 10.0.40219.1
Project("{9A19103F-16F7-4668-BE54-9A1E7A4F7556}") = "Api", "Api.csproj", "{FBB21A9B-77EB-48C6-AFBA-7EA17F791091}"
EndProject
Project("{9A19103F-16F7-4668-BE54-9A1E7A4F7556}") = "FrontEnd", "..\Web\FrontEnd.csproj", "{22CC30B9-7C31-4437-A282-5ADA4FC5BDC9}"
EndProject
Global
	GlobalSection(SolutionConfigurationPlatforms) = preSolution
		Debug|Any CPU = Debug|Any CPU
		Release|Any CPU = Release|Any CPU
	EndGlobalSection
	GlobalSection(ProjectConfigurationPlatforms) = postSolution
		{FBB21A9B-77EB-48C6-AFBA-7EA17F791091}.Debug|Any CPU.ActiveCfg = Debug|Any CPU
		{FBB21A9B-77EB-48C6-AFBA-7EA17F791091}.Debug|Any CPU.Build.0 = Debug|Any CPU
		{FBB21A9B-77EB-48C6-AFBA-7EA17F791091}.Release|Any CPU.ActiveCfg = Release|Any CPU
		{FBB21A9B-77EB-48C6-AFBA-7EA17F791091}.Release|Any CPU.Build.0 = Release|Any CPU
		{22CC30B9-7C31-4437-A282-5ADA4FC5BDC9}.Debug|Any CPU.ActiveCfg = Debug|Any CPU
		{22CC30B9-7C31-4437-A282-5ADA4FC5BDC9}.Debug|Any CPU.Build.0 = Debug|Any CPU
		{22CC30B9-7C31-4437-A282-5ADA4FC5BDC9}.Release|Any CPU.ActiveCfg = Release|Any CPU
		{22CC30B9-7C31-4437-A282-5ADA4FC5BDC9}.Release|Any CPU.Build.0 = Release|Any CPU
	EndGlobalSection
	GlobalSection(SolutionProperties) = preSolution
		HideSolutionNode = FALSE
	EndGlobalSection
	GlobalSection(ExtensibilityGlobals) = postSolution
		SolutionGuid = {355F0205-FD84-49E5-9035-2C00033631BF}
	EndGlobalSection
EndGlobal
